{
  "name": "PlaywrightTests",
  "lockfileVersion": 2,
  "requires": true,
  "packages": {
    "": {
      "devDependencies": {
        "allure-commandline": "^2.26.0"
      }
    },
    "node_modules/allure-commandline": {
      "version": "2.26.0",
      "resolved": "https://registry.npmjs.org/allure-commandline/-/allure-commandline-2.26.0.tgz",
      "integrity": "sha512-udKAxlKUfhD6iH3YuR8nPF72nxHYGJItqgqSvI1pJCLlO1hJHhctfwkQbtKgXugRB6d0Uf8AYUSIXobojRVPOg==",
      "dev": true,
      "bin": {
        "allure": "bin/allure"
      }
    }
  },
  "dependencies": {
    "allure-commandline": {
      "version": "2.26.0",
      "resolved": "https://registry.npmjs.org/allure-commandline/-/allure-commandline-2.26.0.tgz",
      "integrity": "sha512-udKAxlKUfhD6iH3YuR8nPF72nxHYGJItqgqSvI1pJCLlO1hJHhctfwkQbtKgXugRB6d0Uf8AYUSIXobojRVPOg==",
      "dev": true
    }
  }
}
